{
  "nodes": {
    "nixpkgs": {
      "locked": {
        "lastModified": 1770199426,
        "narHash": "sha256-v2Q5fVJ0nXNeYq4tKhcCPOM9FtW+g/QH0GM/2ves5ek=",
        "path": "/nix/store/sh3hv7i0c5sp3hnnyzz6wzl5kqj5lbyp-source",
        "rev": "15826d42656cb99d69d429aee8c0ce2a486275d0",
        "type": "path"
      },
      "original": {
        "owner": "nixos",
        "ref": "nixos-unstable",
        "repo": "nixpkgs",
        "type": "github"
      }
    },
    "root": {
      "inputs": {
        "nixpkgs": "nixpkgs"
      }
    }
  },
  "root": "root",
  "version": 7
}
