{
  "nodes": {
    "nixpkgs": {
      "locked": {
        "lastModified": 1779662858,
        "narHash": "sha256-6GVXkkCp1wkjk41mpJkh1JYCSswYjWku9OVMzVEHL9c=",
        "path": "/nix/store/rii2iawdg1ag75gb8y1qq6vb07h4d5n3-source",
        "rev": "cae661c6ce67cd7e0fad012646fca4625fcbbef9",
        "type": "path"
      },
      "original": {
        "owner": "nixos",
        "ref": "nixos-unstable",
        "repo": "nixpkgs",
        "type": "github"
      }
    },
    "root": {
      "inputs": {
        "nixpkgs": "nixpkgs"
      }
    }
  },
  "root": "root",
  "version": 7
}
